Microsoft Visual Studio Solution File, Format Version 12.00
# Visual Studio Version 17
VisualStudioVersion = 17.5.2.0
MinimumVisualStudioVersion = 10.0.40219.1
Project("{FAE04EC0-301F-11D3-BF4B-00C04F79EFBC}") = "e2", "e2.csproj", "{F9097600-9187-E47F-B7CE-0F1F80D285E8}"
EndProject
Global
	GlobalSection(SolutionConfigurationPlatforms) = preSolution
		Debug|Any CPU = Debug|Any CPU
		Release|Any CPU = Release|Any CPU
	EndGlobalSection
	GlobalSection(ProjectConfigurationPlatforms) = postSolution
		{F9097600-9187-E47F-B7CE-0F1F80D285E8}.Debug|Any CPU.ActiveCfg = Debug|Any CPU
		{F9097600-9187-E47F-B7CE-0F1F80D285E8}.Debug|Any CPU.Build.0 = Debug|Any CPU
		{F9097600-9187-E47F-B7CE-0F1F80D285E8}.Release|Any CPU.ActiveCfg = Release|Any CPU
		{F9097600-9187-E47F-B7CE-0F1F80D285E8}.Release|Any CPU.Build.0 = Release|Any CPU
	EndGlobalSection
	GlobalSection(SolutionProperties) = preSolution
		HideSolutionNode = FALSE
	EndGlobalSection
	GlobalSection(ExtensibilityGlobals) = postSolution
		SolutionGuid = {923CA46A-207F-4E61-BA8B-2FCA66BFE4A2}
	EndGlobalSection
EndGlobal
