Microsoft Visual Studio Solution File, Format Version 12.00
# Visual Studio Version 17
VisualStudioVersion = 17.5.2.0
MinimumVisualStudioVersion = 10.0.40219.1
Project("{FAE04EC0-301F-11D3-BF4B-00C04F79EFBC}") = "e6", "e6.csproj", "{0B79259A-67D2-0D1D-78BF-6105F1644869}"
EndProject
Global
	GlobalSection(SolutionConfigurationPlatforms) = preSolution
		Debug|Any CPU = Debug|Any CPU
		Release|Any CPU = Release|Any CPU
	EndGlobalSection
	GlobalSection(ProjectConfigurationPlatforms) = postSolution
		{0B79259A-67D2-0D1D-78BF-6105F1644869}.Debug|Any CPU.ActiveCfg = Debug|Any CPU
		{0B79259A-67D2-0D1D-78BF-6105F1644869}.Debug|Any CPU.Build.0 = Debug|Any CPU
		{0B79259A-67D2-0D1D-78BF-6105F1644869}.Release|Any CPU.ActiveCfg = Release|Any CPU
		{0B79259A-67D2-0D1D-78BF-6105F1644869}.Release|Any CPU.Build.0 = Release|Any CPU
	EndGlobalSection
	GlobalSection(SolutionProperties) = preSolution
		HideSolutionNode = FALSE
	EndGlobalSection
	GlobalSection(ExtensibilityGlobals) = postSolution
		SolutionGuid = {4180FFB5-BC39-40CE-9D0E-29F99C05DEDB}
	EndGlobalSection
EndGlobal
