Microsoft Visual Studio Solution File, Format Version 12.00
# Visual Studio Version 17
VisualStudioVersion = 17.5.2.0
MinimumVisualStudioVersion = 10.0.40219.1
Project("{FAE04EC0-301F-11D3-BF4B-00C04F79EFBC}") = "e13", "e13.csproj", "{4599A2A7-3EF1-D4C8-F25A-787FFD704A62}"
EndProject
Global
	GlobalSection(SolutionConfigurationPlatforms) = preSolution
		Debug|Any CPU = Debug|Any CPU
		Release|Any CPU = Release|Any CPU
	EndGlobalSection
	GlobalSection(ProjectConfigurationPlatforms) = postSolution
		{4599A2A7-3EF1-D4C8-F25A-787FFD704A62}.Debug|Any CPU.ActiveCfg = Debug|Any CPU
		{4599A2A7-3EF1-D4C8-F25A-787FFD704A62}.Debug|Any CPU.Build.0 = Debug|Any CPU
		{4599A2A7-3EF1-D4C8-F25A-787FFD704A62}.Release|Any CPU.ActiveCfg = Release|Any CPU
		{4599A2A7-3EF1-D4C8-F25A-787FFD704A62}.Release|Any CPU.Build.0 = Release|Any CPU
	EndGlobalSection
	GlobalSection(SolutionProperties) = preSolution
		HideSolutionNode = FALSE
	EndGlobalSection
	GlobalSection(ExtensibilityGlobals) = postSolution
		SolutionGuid = {990944C8-A79A-4059-8A07-3069F7388D4A}
	EndGlobalSection
EndGlobal
