Microsoft Visual Studio Solution File, Format Version 12.00
# Visual Studio Version 17
VisualStudioVersion = 17.5.2.0
MinimumVisualStudioVersion = 10.0.40219.1
Project("{FAE04EC0-301F-11D3-BF4B-00C04F79EFBC}") = "e1", "e1.csproj", "{4EBCA48E-03DF-C262-9695-BA8726170C09}"
EndProject
Global
	GlobalSection(SolutionConfigurationPlatforms) = preSolution
		Debug|Any CPU = Debug|Any CPU
		Release|Any CPU = Release|Any CPU
	EndGlobalSection
	GlobalSection(ProjectConfigurationPlatforms) = postSolution
		{4EBCA48E-03DF-C262-9695-BA8726170C09}.Debug|Any CPU.ActiveCfg = Debug|Any CPU
		{4EBCA48E-03DF-C262-9695-BA8726170C09}.Debug|Any CPU.Build.0 = Debug|Any CPU
		{4EBCA48E-03DF-C262-9695-BA8726170C09}.Release|Any CPU.ActiveCfg = Release|Any CPU
		{4EBCA48E-03DF-C262-9695-BA8726170C09}.Release|Any CPU.Build.0 = Release|Any CPU
	EndGlobalSection
	GlobalSection(SolutionProperties) = preSolution
		HideSolutionNode = FALSE
	EndGlobalSection
	GlobalSection(ExtensibilityGlobals) = postSolution
		SolutionGuid = {D15D50C6-557A-4966-81D3-B60F48C66CFB}
	EndGlobalSection
EndGlobal
